// !$*UTF8*$!
{
	archiveVersion = 1;
	classes = {
	};
	objectVersion = 50;
	objects = {

/* Begin PBXBuildFile section */
		AB6E13C126BB878F009350DA /* main.cpp in Sources */ = {isa = PBXBuildFile; fileRef = AB6E13C026BB878F009350DA /* main.cpp */; };
		AB6E13C926BB87AE009350DA /* libassimp.dylib in Frameworks */ = {isa = PBXBuildFile; fileRef = AB6E13C826BB87AE009350DA /* libassimp.dylib */; };
		AB6E13CB26BB87B2009350DA /* libGLEW.dylib in Frameworks */ = {isa = PBXBuildFile; fileRef = AB6E13CA26BB87B2009350DA /* libGLEW.dylib */; };
		AB6E13CD26BB87B6009350DA /* libglfw.dylib in Frameworks */ = {isa = PBXBuildFile; fileRef = AB6E13CC26BB87B6009350DA /* libglfw.dylib */; };
		AB6E13DF26BB9236009350DA /* glad.c in Sources */ = {isa = PBXBuildFile; fileRef = AB6E13DE26BB9236009350DA /* glad.c */; };
		AB6E13E426BB92A1009350DA /* Camera.cpp in Sources */ = {isa = PBXBuildFile; fileRef = AB6E13E026BB92A1009350DA /* Camera.cpp */; };
/* End PBXBuildFile section */

/* Begin PBXCopyFilesBuildPhase section */
		AB6E13BB26BB878F009350DA /* CopyFiles */ = {
			isa = PBXCopyFilesBuildPhase;
			buildActionMask = 2147483647;
			dstPath = /usr/share/man/man1/;
			dstSubfolderSpec = 0;
			files = (
			);
			runOnlyForDeploymentPostprocessing = 1;
		};
/* End PBXCopyFilesBuildPhase section */

/* Begin PBXFileReference section */
		AB6E13BD26BB878F009350DA /* OpenGL_Test18_AntiAliasing */ = {isa = PBXFileReference; explicitFileType = "compiled.mach-o.executable"; includeInIndex = 0; path = OpenGL_Test18_AntiAliasing; sourceTree = BUILT_PRODUCTS_DIR; };
		AB6E13C026BB878F009350DA /* main.cpp */ = {isa = PBXFileReference; lastKnownFileType = sourcecode.cpp.cpp; path = main.cpp; sourceTree = "<group>"; };
		AB6E13C826BB87AE009350DA /* libassimp.dylib */ = {isa = PBXFileReference; lastKnownFileType = "compiled.mach-o.dylib"; name = libassimp.dylib; path = ../../../assimp/5.0.1/lib/libassimp.dylib; sourceTree = "<group>"; };
		AB6E13CA26BB87B2009350DA /* libGLEW.dylib */ = {isa = PBXFileReference; lastKnownFileType = "compiled.mach-o.dylib"; name = libGLEW.dylib; path = ../../../glew/2.2.0_1/lib/libGLEW.dylib; sourceTree = "<group>"; };
		AB6E13CC26BB87B6009350DA /* libglfw.dylib */ = {isa = PBXFileReference; lastKnownFileType = "compiled.mach-o.dylib"; name = libglfw.dylib; path = ../../../glfw/3.3.4/lib/libglfw.dylib; sourceTree = "<group>"; };
		AB6E13DE26BB9236009350DA /* glad.c */ = {isa = PBXFileReference; fileEncoding = 4; lastKnownFileType = sourcecode.c.c; name = glad.c; path = ../../../../glad/src/glad.c; sourceTree = "<group>"; };
		AB6E13E026BB92A1009350DA /* Camera.cpp */ = {isa = PBXFileReference; fileEncoding = 4; lastKnownFileType = sourcecode.cpp.cpp; path = Camera.cpp; sourceTree = "<group>"; };
		AB6E13E126BB92A1009350DA /* Camera.hpp */ = {isa = PBXFileReference; fileEncoding = 4; lastKnownFileType = sourcecode.cpp.h; path = Camera.hpp; sourceTree = "<group>"; };
		AB6E13E226BB92A1009350DA /* Shader.h */ = {isa = PBXFileReference; fileEncoding = 4; lastKnownFileType = sourcecode.c.h; path = Shader.h; sourceTree = "<group>"; };
		AB6E13E326BB92A1009350DA /* stb_image.h */ = {isa = PBXFileReference; fileEncoding = 4; lastKnownFileType = sourcecode.c.h; path = stb_image.h; sourceTree = "<group>"; };
		AB6E13E626BB92AD009350DA /* LightVertexShader.cpp */ = {isa = PBXFileReference; lastKnownFileType = sourcecode.cpp.cpp; path = LightVertexShader.cpp; sourceTree = "<group>"; };
		AB6E13E726BB92AD009350DA /* LightFragmentShader.cpp */ = {isa = PBXFileReference; lastKnownFileType = sourcecode.cpp.cpp; path = LightFragmentShader.cpp; sourceTree = "<group>"; };
		AB6E13EC26BB92AD009350DA /* LampVertexShader.cpp */ = {isa = PBXFileReference; lastKnownFileType = sourcecode.cpp.cpp; path = LampVertexShader.cpp; sourceTree = "<group>"; };
		AB6E13ED26BB92AD009350DA /* LampFragmentShader.cpp */ = {isa = PBXFileReference; lastKnownFileType = sourcecode.cpp.cpp; path = LampFragmentShader.cpp; sourceTree = "<group>"; };
/* End PBXFileReference section */

/* Begin PBXFrameworksBuildPhase section */
		AB6E13BA26BB878F009350DA /* Frameworks */ = {
			isa = PBXFrameworksBuildPhase;
			buildActionMask = 2147483647;
			files = (
				AB6E13CD26BB87B6009350DA /* libglfw.dylib in Frameworks */,
				AB6E13C926BB87AE009350DA /* libassimp.dylib in Frameworks */,
				AB6E13CB26BB87B2009350DA /* libGLEW.dylib in Frameworks */,
			);
			runOnlyForDeploymentPostprocessing = 0;
		};
/* End PBXFrameworksBuildPhase section */

/* Begin PBXGroup section */
		AB6E13B426BB878F009350DA = {
			isa = PBXGroup;
			children = (
				AB6E13BF26BB878F009350DA /* OpenGL_Test18_AntiAliasing */,
				AB6E13BE26BB878F009350DA /* Products */,
				AB6E13C726BB87AE009350DA /* Frameworks */,
			);
			sourceTree = "<group>";
		};
		AB6E13BE26BB878F009350DA /* Products */ = {
			isa = PBXGroup;
			children = (
				AB6E13BD26BB878F009350DA /* OpenGL_Test18_AntiAliasing */,
			);
			name = Products;
			sourceTree = "<group>";
		};
		AB6E13BF26BB878F009350DA /* OpenGL_Test18_AntiAliasing */ = {
			isa = PBXGroup;
			children = (
				AB6E13EB26BB92AD009350DA /* LampShader */,
				AB6E13E526BB92AD009350DA /* LightShader */,
				AB6E13E026BB92A1009350DA /* Camera.cpp */,
				AB6E13E126BB92A1009350DA /* Camera.hpp */,
				AB6E13E226BB92A1009350DA /* Shader.h */,
				AB6E13E326BB92A1009350DA /* stb_image.h */,
				AB6E13DE26BB9236009350DA /* glad.c */,
				AB6E13C026BB878F009350DA /* main.cpp */,
			);
			path = OpenGL_Test18_AntiAliasing;
			sourceTree = "<group>";
		};
		AB6E13C726BB87AE009350DA /* Frameworks */ = {
			isa = PBXGroup;
			children = (
				AB6E13CC26BB87B6009350DA /* libglfw.dylib */,
				AB6E13CA26BB87B2009350DA /* libGLEW.dylib */,
				AB6E13C826BB87AE009350DA /* libassimp.dylib */,
			);
			name = Frameworks;
			sourceTree = "<group>";
		};
		AB6E13E526BB92AD009350DA /* LightShader */ = {
			isa = PBXGroup;
			children = (
				AB6E13E626BB92AD009350DA /* LightVertexShader.cpp */,
				AB6E13E726BB92AD009350DA /* LightFragmentShader.cpp */,
			);
			path = LightShader;
			sourceTree = "<group>";
		};
		AB6E13EB26BB92AD009350DA /* LampShader */ = {
			isa = PBXGroup;
			children = (
				AB6E13EC26BB92AD009350DA /* LampVertexShader.cpp */,
				AB6E13ED26BB92AD009350DA /* LampFragmentShader.cpp */,
			);
			path = LampShader;
			sourceTree = "<group>";
		};
/* End PBXGroup section */

/* Begin PBXNativeTarget section */
		AB6E13BC26BB878F009350DA /* OpenGL_Test18_AntiAliasing */ = {
			isa = PBXNativeTarget;
			buildConfigurationList = AB6E13C426BB878F009350DA /* Build configuration list for PBXNativeTarget "OpenGL_Test18_AntiAliasing" */;
			buildPhases = (
				AB6E13B926BB878F009350DA /* Sources */,
				AB6E13BA26BB878F009350DA /* Frameworks */,
				AB6E13BB26BB878F009350DA /* CopyFiles */,
			);
			buildRules = (
			);
			dependencies = (
			);
			name = OpenGL_Test18_AntiAliasing;
			productName = OpenGL_Test18_AntiAliasing;
			productReference = AB6E13BD26BB878F009350DA /* OpenGL_Test18_AntiAliasing */;
			productType = "com.apple.product-type.tool";
		};
/* End PBXNativeTarget section */

/* Begin PBXProject section */
		AB6E13B526BB878F009350DA /* Project object */ = {
			isa = PBXProject;
			attributes = {
				LastUpgradeCheck = 1250;
				TargetAttributes = {
					AB6E13BC26BB878F009350DA = {
						CreatedOnToolsVersion = 12.5.1;
					};
				};
			};
			buildConfigurationList = AB6E13B826BB878F009350DA /* Build configuration list for PBXProject "OpenGL_Test18_AntiAliasing" */;
			compatibilityVersion = "Xcode 9.3";
			developmentRegion = en;
			hasScannedForEncodings = 0;
			knownRegions = (
				en,
				Base,
			);
			mainGroup = AB6E13B426BB878F009350DA;
			productRefGroup = AB6E13BE26BB878F009350DA /* Products */;
			projectDirPath = "";
			projectRoot = "";
			targets = (
				AB6E13BC26BB878F009350DA /* OpenGL_Test18_AntiAliasing */,
			);
		};
/* End PBXProject section */

/* Begin PBXSourcesBuildPhase section */
		AB6E13B926BB878F009350DA /* Sources */ = {
			isa = PBXSourcesBuildPhase;
			buildActionMask = 2147483647;
			files = (
				AB6E13C126BB878F009350DA /* main.cpp in Sources */,
				AB6E13E426BB92A1009350DA /* Camera.cpp in Sources */,
				AB6E13DF26BB9236009350DA /* glad.c in Sources */,
			);
			runOnlyForDeploymentPostprocessing = 0;
		};
/* End PBXSourcesBuildPhase section */

/* Begin XCBuildConfiguration section */
		AB6E13C226BB878F009350DA /* Debug */ = {
			isa = XCBuildConfiguration;
			buildSettings = {
				ALWAYS_SEARCH_USER_PATHS = NO;
				CLANG_ANALYZER_NONNULL = YES;
				CLANG_ANALYZER_NUMBER_OBJECT_CONVERSION = YES_AGGRESSIVE;
				CLANG_CXX_LANGUAGE_STANDARD = "gnu++14";
				CLANG_CXX_LIBRARY = "libc++";
				CLANG_ENABLE_MODULES = YES;
				CLANG_ENABLE_OBJC_ARC = YES;
				CLANG_ENABLE_OBJC_WEAK = YES;
				CLANG_WARN_BLOCK_CAPTURE_AUTORELEASING = YES;
				CLANG_WARN_BOOL_CONVERSION = YES;
				CLANG_WARN_COMMA = YES;
				CLANG_WARN_CONSTANT_CONVERSION = YES;
				CLANG_WARN_DEPRECATED_OBJC_IMPLEMENTATIONS = YES;
				CLANG_WARN_DIRECT_OBJC_ISA_USAGE = YES_ERROR;
				CLANG_WARN_DOCUMENTATION_COMMENTS = YES;
				CLANG_WARN_EMPTY_BODY = YES;
				CLANG_WARN_ENUM_CONVERSION = YES;
				CLANG_WARN_INFINITE_RECURSION = YES;
				CLANG_WARN_INT_CONVERSION = YES;
				CLANG_WARN_NON_LITERAL_NULL_CONVERSION = YES;
				CLANG_WARN_OBJC_IMPLICIT_RETAIN_SELF = YES;
				CLANG_WARN_OBJC_LITERAL_CONVERSION = YES;
				CLANG_WARN_OBJC_ROOT_CLASS = YES_ERROR;
				CLANG_WARN_QUOTED_INCLUDE_IN_FRAMEWORK_HEADER = YES;
				CLANG_WARN_RANGE_LOOP_ANALYSIS = YES;
				CLANG_WARN_STRICT_PROTOTYPES = YES;
				CLANG_WARN_SUSPICIOUS_MOVE = YES;
				CLANG_WARN_UNGUARDED_AVAILABILITY = YES_AGGRESSIVE;
				CLANG_WARN_UNREACHABLE_CODE = YES;
				CLANG_WARN__DUPLICATE_METHOD_MATCH = YES;
				COPY_PHASE_STRIP = NO;
				DEBUG_INFORMATION_FORMAT = dwarf;
				ENABLE_STRICT_OBJC_MSGSEND = YES;
				ENABLE_TESTABILITY = YES;
				GCC_C_LANGUAGE_STANDARD = gnu11;
				GCC_DYNAMIC_NO_PIC = NO;
				GCC_NO_COMMON_BLOCKS = YES;
				GCC_OPTIMIZATION_LEVEL = 0;
				GCC_PREPROCESSOR_DEFINITIONS = (
					"DEBUG=1",
					"$(inherited)",
				);
				GCC_WARN_64_TO_32_BIT_CONVERSION = YES;
				GCC_WARN_ABOUT_RETURN_TYPE = YES_ERROR;
				GCC_WARN_UNDECLARED_SELECTOR = YES;
				GCC_WARN_UNINITIALIZED_AUTOS = YES_AGGRESSIVE;
				GCC_WARN_UNUSED_FUNCTION = YES;
				GCC_WARN_UNUSED_VARIABLE = YES;
				MACOSX_DEPLOYMENT_TARGET = 11.3;
				MTL_ENABLE_DEBUG_INFO = INCLUDE_SOURCE;
				MTL_FAST_MATH = YES;
				ONLY_ACTIVE_ARCH = YES;
				SDKROOT = macosx;
			};
			name = Debug;
		};
		AB6E13C326BB878F009350DA /* Release */ = {
			isa = XCBuildConfiguration;
			buildSettings = {
				ALWAYS_SEARCH_USER_PATHS = NO;
				CLANG_ANALYZER_NONNULL = YES;
				CLANG_ANALYZER_NUMBER_OBJECT_CONVERSION = YES_AGGRESSIVE;
				CLANG_CXX_LANGUAGE_STANDARD = "gnu++14";
				CLANG_CXX_LIBRARY = "libc++";
				CLANG_ENABLE_MODULES = YES;
				CLANG_ENABLE_OBJC_ARC = YES;
				CLANG_ENABLE_OBJC_WEAK = YES;
				CLANG_WARN_BLOCK_CAPTURE_AUTORELEASING = YES;
				CLANG_WARN_BOOL_CONVERSION = YES;
				CLANG_WARN_COMMA = YES;
				CLANG_WARN_CONSTANT_CONVERSION = YES;
				CLANG_WARN_DEPRECATED_OBJC_IMPLEMENTATIONS = YES;
				CLANG_WARN_DIRECT_OBJC_ISA_USAGE = YES_ERROR;
				CLANG_WARN_DOCUMENTATION_COMMENTS = YES;
				CLANG_WARN_EMPTY_BODY = YES;
				CLANG_WARN_ENUM_CONVERSION = YES;
				CLANG_WARN_INFINITE_RECURSION = YES;
				CLANG_WARN_INT_CONVERSION = YES;
				CLANG_WARN_NON_LITERAL_NULL_CONVERSION = YES;
				CLANG_WARN_OBJC_IMPLICIT_RETAIN_SELF = YES;
				CLANG_WARN_OBJC_LITERAL_CONVERSION = YES;
				CLANG_WARN_OBJC_ROOT_CLASS = YES_ERROR;
				CLANG_WARN_QUOTED_INCLUDE_IN_FRAMEWORK_HEADER = YES;
				CLANG_WARN_RANGE_LOOP_ANALYSIS = YES;
				CLANG_WARN_STRICT_PROTOTYPES = YES;
				CLANG_WARN_SUSPICIOUS_MOVE = YES;
				CLANG_WARN_UNGUARDED_AVAILABILITY = YES_AGGRESSIVE;
				CLANG_WARN_UNREACHABLE_CODE = YES;
				CLANG_WARN__DUPLICATE_METHOD_MATCH = YES;
				COPY_PHASE_STRIP = NO;
				DEBUG_INFORMATION_FORMAT = "dwarf-with-dsym";
				ENABLE_NS_ASSERTIONS = NO;
				ENABLE_STRICT_OBJC_MSGSEND = YES;
				GCC_C_LANGUAGE_STANDARD = gnu11;
				GCC_NO_COMMON_BLOCKS = YES;
				GCC_WARN_64_TO_32_BIT_CONVERSION = YES;
				GCC_WARN_ABOUT_RETURN_TYPE = YES_ERROR;
				GCC_WARN_UNDECLARED_SELECTOR = YES;
				GCC_WARN_UNINITIALIZED_AUTOS = YES_AGGRESSIVE;
				GCC_WARN_UNUSED_FUNCTION = YES;
				GCC_WARN_UNUSED_VARIABLE = YES;
				MACOSX_DEPLOYMENT_TARGET = 11.3;
				MTL_ENABLE_DEBUG_INFO = NO;
				MTL_FAST_MATH = YES;
				SDKROOT = macosx;
			};
			name = Release;
		};
		AB6E13C526BB878F009350DA /* Debug */ = {
			isa = XCBuildConfiguration;
			buildSettings = {
				CODE_SIGN_STYLE = Automatic;
				HEADER_SEARCH_PATHS = (
					"\"$(SRCROOT)/../../../glfw/3.3.4/include\"",
					"\"$(SRCROOT)/../../../glm/0.9.9.8/include\"",
					"\"$(SRCROOT)/../../../glew/2.2.0_1/include\"",
					"\"$(SRCROOT)/../../../assimp/5.0.1/include\"",
					"\"$(SRCROOT)/../../../glad/include\"",
				);
				LIBRARY_SEARCH_PATHS = (
					"\"$(SRCROOT)/../../../glew/2.2.0_1/lib\"",
					"\"$(SRCROOT)/../../../assimp/5.0.1/lib\"",
					"\"$(SRCROOT)/../../../glfw/3.3.4/lib\"",
				);
				PRODUCT_NAME = "$(TARGET_NAME)";
			};
			name = Debug;
		};
		AB6E13C626BB878F009350DA /* Release */ = {
			isa = XCBuildConfiguration;
			buildSettings = {
				CODE_SIGN_STYLE = Automatic;
				HEADER_SEARCH_PATHS = (
					"\"$(SRCROOT)/../../../glfw/3.3.4/include\"",
					"\"$(SRCROOT)/../../../glm/0.9.9.8/include\"",
					"\"$(SRCROOT)/../../../glew/2.2.0_1/include\"",
					"\"$(SRCROOT)/../../../assimp/5.0.1/include\"",
					"\"$(SRCROOT)/../../../glad/include\"",
				);
				LIBRARY_SEARCH_PATHS = (
					"\"$(SRCROOT)/../../../glew/2.2.0_1/lib\"",
					"\"$(SRCROOT)/../../../assimp/5.0.1/lib\"",
					"\"$(SRCROOT)/../../../glfw/3.3.4/lib\"",
				);
				PRODUCT_NAME = "$(TARGET_NAME)";
			};
			name = Release;
		};
/* End XCBuildConfiguration section */

/* Begin XCConfigurationList section */
		AB6E13B826BB878F009350DA /* Build configuration list for PBXProject "OpenGL_Test18_AntiAliasing" */ = {
			isa = XCConfigurationList;
			buildConfigurations = (
				AB6E13C226BB878F009350DA /* Debug */,
				AB6E13C326BB878F009350DA /* Release */,
			);
			defaultConfigurationIsVisible = 0;
			defaultConfigurationName = Release;
		};
		AB6E13C426BB878F009350DA /* Build configuration list for PBXNativeTarget "OpenGL_Test18_AntiAliasing" */ = {
			isa = XCConfigurationList;
			buildConfigurations = (
				AB6E13C526BB878F009350DA /* Debug */,
				AB6E13C626BB878F009350DA /* Release */,
			);
			defaultConfigurationIsVisible = 0;
			defaultConfigurationName = Release;
		};
/* End XCConfigurationList section */
	};
	rootObject = AB6E13B526BB878F009350DA /* Project object */;
}
